
Microsoft Visual Studio Solution File, Format Version 12.00
# Visual Studio Version 16
Project("{8BC9CEB8-8B4A-11D0-8D11-00A0C91BC942}") = "CheatMenu", "CheatMenu.vcxproj", "{5F06CAB2-CB70-7E29-14AF-2FCF80585C7E}"
EndProject
Global
	GlobalSection(SolutionConfigurationPlatforms) = preSolution
		Debug|Win32 = Debug|Win32
		Release|Win32 = Release|Win32
	EndGlobalSection
	GlobalSection(ProjectConfigurationPlatforms) = postSolution
		{5F06CAB2-CB70-7E29-14AF-2FCF80585C7E}.Debug|Win32.ActiveCfg = Debug|Win32
		{5F06CAB2-CB70-7E29-14AF-2FCF80585C7E}.Debug|Win32.Build.0 = Debug|Win32
		{5F06CAB2-CB70-7E29-14AF-2FCF80585C7E}.Release|Win32.ActiveCfg = Release|Win32
		{5F06CAB2-CB70-7E29-14AF-2FCF80585C7E}.Release|Win32.Build.0 = Release|Win32
	EndGlobalSection
	GlobalSection(SolutionProperties) = preSolution
		HideSolutionNode = FALSE
	EndGlobalSection
EndGlobal
